Microsoft Visual Studio Solution File, Format Version 11.00
# Visual Studio 2008

Project("{A80420EE-F88D-11F7-7532-F1B9CB467FA3}") = "Perspective", "Assembly-CSharp-firstpass.csproj", "{B098C990-89CF-176D-7A0C-BC40565F7D7D}"
EndProject
Project("{A80420EE-F88D-11F7-7532-F1B9CB467FA3}") = "Perspective", "Assembly-CSharp.csproj", "{AC82E27D-F9B1-2690-A88E-2BB9887C264F}"
EndProject
Project("{A80420EE-F88D-11F7-7532-F1B9CB467FA3}") = "Perspective", "Assembly-UnityScript-firstpass.unityproj", "{BAFE19D8-E98E-399B-BDD2-18F2CC9841F8}"
EndProject
Project("{A80420EE-F88D-11F7-7532-F1B9CB467FA3}") = "Perspective", "Assembly-UnityScript.unityproj", "{E629B659-8C5F-A743-9F6E-85F0D693B00B}"
EndProject
Global
	GlobalSection(SolutionConfigurationPlatforms) = preSolution
		Debug|Any CPU = Debug|Any CPU
		Release|Any CPU = Release|Any CPU
	EndGlobalSection
	GlobalSection(ProjectConfigurationPlatforms) = postSolution
		{B098C990-89CF-176D-7A0C-BC40565F7D7D}.Debug|Any CPU.ActiveCfg = Debug|Any CPU
		{B098C990-89CF-176D-7A0C-BC40565F7D7D}.Debug|Any CPU.Build.0 = Debug|Any CPU
		{B098C990-89CF-176D-7A0C-BC40565F7D7D}.Release|Any CPU.ActiveCfg = Release|Any CPU
		{B098C990-89CF-176D-7A0C-BC40565F7D7D}.Release|Any CPU.Build.0 = Release|Any CPU
		{AC82E27D-F9B1-2690-A88E-2BB9887C264F}.Debug|Any CPU.ActiveCfg = Debug|Any CPU
		{AC82E27D-F9B1-2690-A88E-2BB9887C264F}.Debug|Any CPU.Build.0 = Debug|Any CPU
		{AC82E27D-F9B1-2690-A88E-2BB9887C264F}.Release|Any CPU.ActiveCfg = Release|Any CPU
		{AC82E27D-F9B1-2690-A88E-2BB9887C264F}.Release|Any CPU.Build.0 = Release|Any CPU
		{BAFE19D8-E98E-399B-BDD2-18F2CC9841F8}.Debug|Any CPU.ActiveCfg = Debug|Any CPU
		{BAFE19D8-E98E-399B-BDD2-18F2CC9841F8}.Debug|Any CPU.Build.0 = Debug|Any CPU
		{BAFE19D8-E98E-399B-BDD2-18F2CC9841F8}.Release|Any CPU.ActiveCfg = Release|Any CPU
		{BAFE19D8-E98E-399B-BDD2-18F2CC9841F8}.Release|Any CPU.Build.0 = Release|Any CPU
		{E629B659-8C5F-A743-9F6E-85F0D693B00B}.Debug|Any CPU.ActiveCfg = Debug|Any CPU
		{E629B659-8C5F-A743-9F6E-85F0D693B00B}.Debug|Any CPU.Build.0 = Debug|Any CPU
		{E629B659-8C5F-A743-9F6E-85F0D693B00B}.Release|Any CPU.ActiveCfg = Release|Any CPU
		{E629B659-8C5F-A743-9F6E-85F0D693B00B}.Release|Any CPU.Build.0 = Release|Any CPU
	EndGlobalSection
	GlobalSection(SolutionProperties) = preSolution
		HideSolutionNode = FALSE
	EndGlobalSection
																			GlobalSection(MonoDevelopProperties) = preSolution
		StartupItem = Assembly-CSharp.csproj
		Policies = $0
		$0.TextStylePolicy = $1
		$1.inheritsSet = null
		$1.scope = text/x-csharp
		$0.CSharpFormattingPolicy = $2
		$2.inheritsSet = Mono
		$2.inheritsScope = text/x-csharp
		$2.scope = text/x-csharp
		$0.TextStylePolicy = $3
		$3.FileWidth = 120
		$3.TabWidth = 4
		$3.EolMarker = Unix
		$3.inheritsSet = Mono
		$3.inheritsScope = text/plain
		$3.scope = text/plain
	EndGlobalSection

EndGlobal
